// !$*UTF8*$!
{
	archiveVersion = 1;
	classes = {
	};
	objectVersion = 56;
	objects = {

/* Begin PBXBuildFile section */
		12D232D5299104BF0034DCAD /* AppDelegate.swift in Sources */ = {isa = PBXBuildFile; fileRef = 12D232D4299104BF0034DCAD /* AppDelegate.swift */; };
		12D232D7299104BF0034DCAD /* SceneDelegate.swift in Sources */ = {isa = PBXBuildFile; fileRef = 12D232D6299104BF0034DCAD /* SceneDelegate.swift */; };
		12D232D9299104BF0034DCAD /* ViewController.swift in Sources */ = {isa = PBXBuildFile; fileRef = 12D232D8299104BF0034DCAD /* ViewController.swift */; };
		12D232DC299104BF0034DCAD /* Main.storyboard in Resources */ = {isa = PBXBuildFile; fileRef = 12D232DA299104BF0034DCAD /* Main.storyboard */; };
		12D232DF299104BF0034DCAD /* Assignment.xcdatamodeld in Sources */ = {isa = PBXBuildFile; fileRef = 12D232DD299104BF0034DCAD /* Assignment.xcdatamodeld */; };
		12D232E1299104BF0034DCAD /* Assets.xcassets in Resources */ = {isa = PBXBuildFile; fileRef = 12D232E0299104BF0034DCAD /* Assets.xcassets */; };
		12D232E4299104BF0034DCAD /* LaunchScreen.storyboard in Resources */ = {isa = PBXBuildFile; fileRef = 12D232E2299104BF0034DCAD /* LaunchScreen.storyboard */; };
		12D232EF299104BF0034DCAD /* AssignmentTests.swift in Sources */ = {isa = PBXBuildFile; fileRef = 12D232EE299104BF0034DCAD /* AssignmentTests.swift */; };
		12D232F9299104BF0034DCAD /* AssignmentUITests.swift in Sources */ = {isa = PBXBuildFile; fileRef = 12D232F8299104BF0034DCAD /* AssignmentUITests.swift */; };
		12D232FB299104BF0034DCAD /* AssignmentUITestsLaunchTests.swift in Sources */ = {isa = PBXBuildFile; fileRef = 12D232FA299104BF0034DCAD /* AssignmentUITestsLaunchTests.swift */; };
		12D2330A299107F40034DCAD /* ListTableViewCell.swift in Sources */ = {isa = PBXBuildFile; fileRef = 12D23309299107F40034DCAD /* ListTableViewCell.swift */; };
		12D2330D29910A9E0034DCAD /* ListDataModel.swift in Sources */ = {isa = PBXBuildFile; fileRef = 12D2330C29910A9E0034DCAD /* ListDataModel.swift */; };
		2039B4DA1290C56E92019532 /* Pods_Assignment_AssignmentUITests.framework in Frameworks */ = {isa = PBXBuildFile; fileRef = A625E344611F81E718EC47C1 /* Pods_Assignment_AssignmentUITests.framework */; };
		20AB825ABD85B42528342E5F /* Pods_AssignmentTests.framework in Frameworks */ = {isa = PBXBuildFile; fileRef = 752BAEEC34637ED06C874B91 /* Pods_AssignmentTests.framework */; };
		6873CF543273ACFAADAEC5DD /* Pods_Assignment.framework in Frameworks */ = {isa = PBXBuildFile; fileRef = AC16487CD35C800EBF4A548A /* Pods_Assignment.framework */; };
/* End PBXBuildFile section */

/* Begin PBXContainerItemProxy section */
		12D232EB299104BF0034DCAD /* PBXContainerItemProxy */ = {
			isa = PBXContainerItemProxy;
			containerPortal = 12D232C9299104BF0034DCAD /* Project object */;
			proxyType = 1;
			remoteGlobalIDString = 12D232D0299104BF0034DCAD;
			remoteInfo = Assignment;
		};
		12D232F5299104BF0034DCAD /* PBXContainerItemProxy */ = {
			isa = PBXContainerItemProxy;
			containerPortal = 12D232C9299104BF0034DCAD /* Project object */;
			proxyType = 1;
			remoteGlobalIDString = 12D232D0299104BF0034DCAD;
			remoteInfo = Assignment;
		};
/* End PBXContainerItemProxy section */

/* Begin PBXFileReference section */
		12D232D1299104BF0034DCAD /* Assignment.app */ = {isa = PBXFileReference; explicitFileType = wrapper.application; includeInIndex = 0; path = Assignment.app; sourceTree = BUILT_PRODUCTS_DIR; };
		12D232D4299104BF0034DCAD /* AppDelegate.swift */ = {isa = PBXFileReference; lastKnownFileType = sourcecode.swift; path = AppDelegate.swift; sourceTree = "<group>"; };
		12D232D6299104BF0034DCAD /* SceneDelegate.swift */ = {isa = PBXFileReference; lastKnownFileType = sourcecode.swift; path = SceneDelegate.swift; sourceTree = "<group>"; };
		12D232D8299104BF0034DCAD /* ViewController.swift */ = {isa = PBXFileReference; lastKnownFileType = sourcecode.swift; path = ViewController.swift; sourceTree = "<group>"; };
		12D232DB299104BF0034DCAD /* Base */ = {isa = PBXFileReference; lastKnownFileType = file.storyboard; name = Base; path = Base.lproj/Main.storyboard; sourceTree = "<group>"; };
		12D232DE299104BF0034DCAD /* Assignment.xcdatamodel */ = {isa = PBXFileReference; lastKnownFileType = wrapper.xcdatamodel; path = Assignment.xcdatamodel; sourceTree = "<group>"; };
		12D232E0299104BF0034DCAD /* Assets.xcassets */ = {isa = PBXFileReference; lastKnownFileType = folder.assetcatalog; path = Assets.xcassets; sourceTree = "<group>"; };
		12D232E3299104BF0034DCAD /* Base */ = {isa = PBXFileReference; lastKnownFileType = file.storyboard; name = Base; path = Base.lproj/LaunchScreen.storyboard; sourceTree = "<group>"; };
		12D232E5299104BF0034DCAD /* Info.plist */ = {isa = PBXFileReference; lastKnownFileType = text.plist.xml; path = Info.plist; sourceTree = "<group>"; };
		12D232EA299104BF0034DCAD /* AssignmentTests.xctest */ = {isa = PBXFileReference; explicitFileType = wrapper.cfbundle; includeInIndex = 0; path = AssignmentTests.xctest; sourceTree = BUILT_PRODUCTS_DIR; };
		12D232EE299104BF0034DCAD /* AssignmentTests.swift */ = {isa = PBXFileReference; lastKnownFileType = sourcecode.swift; path = AssignmentTests.swift; sourceTree = "<group>"; };
		12D232F4299104BF0034DCAD /* AssignmentUITests.xctest */ = {isa = PBXFileReference; explicitFileType = wrapper.cfbundle; includeInIndex = 0; path = AssignmentUITests.xctest; sourceTree = BUILT_PRODUCTS_DIR; };
		12D232F8299104BF0034DCAD /* AssignmentUITests.swift */ = {isa = PBXFileReference; lastKnownFileType = sourcecode.swift; path = AssignmentUITests.swift; sourceTree = "<group>"; };
		12D232FA299104BF0034DCAD /* AssignmentUITestsLaunchTests.swift */ = {isa = PBXFileReference; lastKnownFileType = sourcecode.swift; path = AssignmentUITestsLaunchTests.swift; sourceTree = "<group>"; };
		12D23309299107F40034DCAD /* ListTableViewCell.swift */ = {isa = PBXFileReference; lastKnownFileType = sourcecode.swift; path = ListTableViewCell.swift; sourceTree = "<group>"; };
		12D2330C29910A9E0034DCAD /* ListDataModel.swift */ = {isa = PBXFileReference; lastKnownFileType = sourcecode.swift; path = ListDataModel.swift; sourceTree = "<group>"; };
		14229A6556BEB4712CCE2270 /* Pods-Assignment.release.xcconfig */ = {isa = PBXFileReference; includeInIndex = 1; lastKnownFileType = text.xcconfig; name = "Pods-Assignment.release.xcconfig"; path = "Target Support Files/Pods-Assignment/Pods-Assignment.release.xcconfig"; sourceTree = "<group>"; };
		2670BD9F9FF4F571AFA10AC7 /* Pods-AssignmentTests.release.xcconfig */ = {isa = PBXFileReference; includeInIndex = 1; lastKnownFileType = text.xcconfig; name = "Pods-AssignmentTests.release.xcconfig"; path = "Target Support Files/Pods-AssignmentTests/Pods-AssignmentTests.release.xcconfig"; sourceTree = "<group>"; };
		752BAEEC34637ED06C874B91 /* Pods_AssignmentTests.framework */ = {isa = PBXFileReference; explicitFileType = wrapper.framework; includeInIndex = 0; path = Pods_AssignmentTests.framework; sourceTree = BUILT_PRODUCTS_DIR; };
		7E1F1E7B2C12B1AF2ECF00ED /* Pods-Assignment.debug.xcconfig */ = {isa = PBXFileReference; includeInIndex = 1; lastKnownFileType = text.xcconfig; name = "Pods-Assignment.debug.xcconfig"; path = "Target Support Files/Pods-Assignment/Pods-Assignment.debug.xcconfig"; sourceTree = "<group>"; };
		8491A188AF911FB166E2D848 /* Pods-Assignment-AssignmentUITests.debug.xcconfig */ = {isa = PBXFileReference; includeInIndex = 1; lastKnownFileType = text.xcconfig; name = "Pods-Assignment-AssignmentUITests.debug.xcconfig"; path = "Target Support Files/Pods-Assignment-AssignmentUITests/Pods-Assignment-AssignmentUITests.debug.xcconfig"; sourceTree = "<group>"; };
		A625E344611F81E718EC47C1 /* Pods_Assignment_AssignmentUITests.framework */ = {isa = PBXFileReference; explicitFileType = wrapper.framework; includeInIndex = 0; path = Pods_Assignment_AssignmentUITests.framework; sourceTree = BUILT_PRODUCTS_DIR; };
		AC16487CD35C800EBF4A548A /* Pods_Assignment.framework */ = {isa = PBXFileReference; explicitFileType = wrapper.framework; includeInIndex = 0; path = Pods_Assignment.framework; sourceTree = BUILT_PRODUCTS_DIR; };
		F3EC5D82766735B11B6688AD /* Pods-AssignmentTests.debug.xcconfig */ = {isa = PBXFileReference; includeInIndex = 1; lastKnownFileType = text.xcconfig; name = "Pods-AssignmentTests.debug.xcconfig"; path = "Target Support Files/Pods-AssignmentTests/Pods-AssignmentTests.debug.xcconfig"; sourceTree = "<group>"; };
		F924AEE28F7D506EC68AD3FB /* Pods-Assignment-AssignmentUITests.release.xcconfig */ = {isa = PBXFileReference; includeInIndex = 1; lastKnownFileType = text.xcconfig; name = "Pods-Assignment-AssignmentUITests.release.xcconfig"; path = "Target Support Files/Pods-Assignment-AssignmentUITests/Pods-Assignment-AssignmentUITests.release.xcconfig"; sourceTree = "<group>"; };
/* End PBXFileReference section */

/* Begin PBXFrameworksBuildPhase section */
		12D232CE299104BF0034DCAD /* Frameworks */ = {
			isa = PBXFrameworksBuildPhase;
			buildActionMask = 2147483647;
			files = (
				6873CF543273ACFAADAEC5DD /* Pods_Assignment.framework in Frameworks */,
			);
			runOnlyForDeploymentPostprocessing = 0;
		};
		12D232E7299104BF0034DCAD /* Frameworks */ = {
			isa = PBXFrameworksBuildPhase;
			buildActionMask = 2147483647;
			files = (
				20AB825ABD85B42528342E5F /* Pods_AssignmentTests.framework in Frameworks */,
			);
			runOnlyForDeploymentPostprocessing = 0;
		};
		12D232F1299104BF0034DCAD /* Frameworks */ = {
			isa = PBXFrameworksBuildPhase;
			buildActionMask = 2147483647;
			files = (
				2039B4DA1290C56E92019532 /* Pods_Assignment_AssignmentUITests.framework in Frameworks */,
			);
			runOnlyForDeploymentPostprocessing = 0;
		};
/* End PBXFrameworksBuildPhase section */

/* Begin PBXGroup section */
		12D232C8299104BF0034DCAD = {
			isa = PBXGroup;
			children = (
				12D232D3299104BF0034DCAD /* Assignment */,
				12D232ED299104BF0034DCAD /* AssignmentTests */,
				12D232F7299104BF0034DCAD /* AssignmentUITests */,
				12D232D2299104BF0034DCAD /* Products */,
				5A546E07E770E9F118CB16E5 /* Pods */,
				B5DBF4728050BC06E579E1F6 /* Frameworks */,
			);
			sourceTree = "<group>";
		};
		12D232D2299104BF0034DCAD /* Products */ = {
			isa = PBXGroup;
			children = (
				12D232D1299104BF0034DCAD /* Assignment.app */,
				12D232EA299104BF0034DCAD /* AssignmentTests.xctest */,
				12D232F4299104BF0034DCAD /* AssignmentUITests.xctest */,
			);
			name = Products;
			sourceTree = "<group>";
		};
		12D232D3299104BF0034DCAD /* Assignment */ = {
			isa = PBXGroup;
			children = (
				12D2330B29910A890034DCAD /* Model */,
				12D23308299107D10034DCAD /* TableViewCell */,
				12D232D4299104BF0034DCAD /* AppDelegate.swift */,
				12D232D6299104BF0034DCAD /* SceneDelegate.swift */,
				12D232D8299104BF0034DCAD /* ViewController.swift */,
				12D232DA299104BF0034DCAD /* Main.storyboard */,
				12D232E0299104BF0034DCAD /* Assets.xcassets */,
				12D232E2299104BF0034DCAD /* LaunchScreen.storyboard */,
				12D232E5299104BF0034DCAD /* Info.plist */,
				12D232DD299104BF0034DCAD /* Assignment.xcdatamodeld */,
			);
			path = Assignment;
			sourceTree = "<group>";
		};
		12D232ED299104BF0034DCAD /* AssignmentTests */ = {
			isa = PBXGroup;
			children = (
				12D232EE299104BF0034DCAD /* AssignmentTests.swift */,
			);
			path = AssignmentTests;
			sourceTree = "<group>";
		};
		12D232F7299104BF0034DCAD /* AssignmentUITests */ = {
			isa = PBXGroup;
			children = (
				12D232F8299104BF0034DCAD /* AssignmentUITests.swift */,
				12D232FA299104BF0034DCAD /* AssignmentUITestsLaunchTests.swift */,
			);
			path = AssignmentUITests;
			sourceTree = "<group>";
		};
		12D23308299107D10034DCAD /* TableViewCell */ = {
			isa = PBXGroup;
			children = (
				12D23309299107F40034DCAD /* ListTableViewCell.swift */,
			);
			path = TableViewCell;
			sourceTree = "<group>";
		};
		12D2330B29910A890034DCAD /* Model */ = {
			isa = PBXGroup;
			children = (
				12D2330C29910A9E0034DCAD /* ListDataModel.swift */,
			);
			path = Model;
			sourceTree = "<group>";
		};
		5A546E07E770E9F118CB16E5 /* Pods */ = {
			isa = PBXGroup;
			children = (
				7E1F1E7B2C12B1AF2ECF00ED /* Pods-Assignment.debug.xcconfig */,
				14229A6556BEB4712CCE2270 /* Pods-Assignment.release.xcconfig */,
				8491A188AF911FB166E2D848 /* Pods-Assignment-AssignmentUITests.debug.xcconfig */,
				F924AEE28F7D506EC68AD3FB /* Pods-Assignment-AssignmentUITests.release.xcconfig */,
				F3EC5D82766735B11B6688AD /* Pods-AssignmentTests.debug.xcconfig */,
				2670BD9F9FF4F571AFA10AC7 /* Pods-AssignmentTests.release.xcconfig */,
			);
			path = Pods;
			sourceTree = "<group>";
		};
		B5DBF4728050BC06E579E1F6 /* Frameworks */ = {
			isa = PBXGroup;
			children = (
				AC16487CD35C800EBF4A548A /* Pods_Assignment.framework */,
				A625E344611F81E718EC47C1 /* Pods_Assignment_AssignmentUITests.framework */,
				752BAEEC34637ED06C874B91 /* Pods_AssignmentTests.framework */,
			);
			name = Frameworks;
			sourceTree = "<group>";
		};
/* End PBXGroup section */

/* Begin PBXNativeTarget section */
		12D232D0299104BF0034DCAD /* Assignment */ = {
			isa = PBXNativeTarget;
			buildConfigurationList = 12D232FE299104BF0034DCAD /* Build configuration list for PBXNativeTarget "Assignment" */;
			buildPhases = (
				9966BDB21D8B87384FA65203 /* [CP] Check Pods Manifest.lock */,
				12D232CD299104BF0034DCAD /* Sources */,
				12D232CE299104BF0034DCAD /* Frameworks */,
				12D232CF299104BF0034DCAD /* Resources */,
				95AF180EA64D3351B27608AC /* [CP] Embed Pods Frameworks */,
			);
			buildRules = (
			);
			dependencies = (
			);
			name = Assignment;
			productName = Assignment;
			productReference = 12D232D1299104BF0034DCAD /* Assignment.app */;
			productType = "com.apple.product-type.application";
		};
		12D232E9299104BF0034DCAD /* AssignmentTests */ = {
			isa = PBXNativeTarget;
			buildConfigurationList = 12D23301299104BF0034DCAD /* Build configuration list for PBXNativeTarget "AssignmentTests" */;
			buildPhases = (
				7DFBB3A5D360F52BE178E387 /* [CP] Check Pods Manifest.lock */,
				12D232E6299104BF0034DCAD /* Sources */,
				12D232E7299104BF0034DCAD /* Frameworks */,
				12D232E8299104BF0034DCAD /* Resources */,
			);
			buildRules = (
			);
			dependencies = (
				12D232EC299104BF0034DCAD /* PBXTargetDependency */,
			);
			name = AssignmentTests;
			productName = AssignmentTests;
			productReference = 12D232EA299104BF0034DCAD /* AssignmentTests.xctest */;
			productType = "com.apple.product-type.bundle.unit-test";
		};
		12D232F3299104BF0034DCAD /* AssignmentUITests */ = {
			isa = PBXNativeTarget;
			buildConfigurationList = 12D23304299104BF0034DCAD /* Build configuration list for PBXNativeTarget "AssignmentUITests" */;
			buildPhases = (
				F68558772FFCD3DF60BB05F4 /* [CP] Check Pods Manifest.lock */,
				12D232F0299104BF0034DCAD /* Sources */,
				12D232F1299104BF0034DCAD /* Frameworks */,
				12D232F2299104BF0034DCAD /* Resources */,
				ECFB934D497240E43CF51FC2 /* [CP] Embed Pods Frameworks */,
			);
			buildRules = (
			);
			dependencies = (
				12D232F6299104BF0034DCAD /* PBXTargetDependency */,
			);
			name = AssignmentUITests;
			productName = AssignmentUITests;
			productReference = 12D232F4299104BF0034DCAD /* AssignmentUITests.xctest */;
			productType = "com.apple.product-type.bundle.ui-testing";
		};
/* End PBXNativeTarget section */

/* Begin PBXProject section */
		12D232C9299104BF0034DCAD /* Project object */ = {
			isa = PBXProject;
			attributes = {
				BuildIndependentTargetsInParallel = 1;
				LastSwiftUpdateCheck = 1400;
				LastUpgradeCheck = 1400;
				TargetAttributes = {
					12D232D0299104BF0034DCAD = {
						CreatedOnToolsVersion = 14.0.1;
					};
					12D232E9299104BF0034DCAD = {
						CreatedOnToolsVersion = 14.0.1;
						TestTargetID = 12D232D0299104BF0034DCAD;
					};
					12D232F3299104BF0034DCAD = {
						CreatedOnToolsVersion = 14.0.1;
						TestTargetID = 12D232D0299104BF0034DCAD;
					};
				};
			};
			buildConfigurationList = 12D232CC299104BF0034DCAD /* Build configuration list for PBXProject "Assignment" */;
			compatibilityVersion = "Xcode 14.0";
			developmentRegion = en;
			hasScannedForEncodings = 0;
			knownRegions = (
				en,
				Base,
			);
			mainGroup = 12D232C8299104BF0034DCAD;
			productRefGroup = 12D232D2299104BF0034DCAD /* Products */;
			projectDirPath = "";
			projectRoot = "";
			targets = (
				12D232D0299104BF0034DCAD /* Assignment */,
				12D232E9299104BF0034DCAD /* AssignmentTests */,
				12D232F3299104BF0034DCAD /* AssignmentUITests */,
			);
		};
/* End PBXProject section */

/* Begin PBXResourcesBuildPhase section */
		12D232CF299104BF0034DCAD /* Resources */ = {
			isa = PBXResourcesBuildPhase;
			buildActionMask = 2147483647;
			files = (
				12D232E4299104BF0034DCAD /* LaunchScreen.storyboard in Resources */,
				12D232E1299104BF0034DCAD /* Assets.xcassets in Resources */,
				12D232DC299104BF0034DCAD /* Main.storyboard in Resources */,
			);
			runOnlyForDeploymentPostprocessing = 0;
		};
		12D232E8299104BF0034DCAD /* Resources */ = {
			isa = PBXResourcesBuildPhase;
			buildActionMask = 2147483647;
			files = (
			);
			runOnlyForDeploymentPostprocessing = 0;
		};
		12D232F2299104BF0034DCAD /* Resources */ = {
			isa = PBXResourcesBuildPhase;
			buildActionMask = 2147483647;
			files = (
			);
			runOnlyForDeploymentPostprocessing = 0;
		};
/* End PBXResourcesBuildPhase section */

/* Begin PBXShellScriptBuildPhase section */
		7DFBB3A5D360F52BE178E387 /* [CP] Check Pods Manifest.lock */ = {
			isa = PBXShellScriptBuildPhase;
			buildActionMask = 2147483647;
			files = (
			);
			inputFileListPaths = (
			);
			inputPaths = (
				"${PODS_PODFILE_DIR_PATH}/Podfile.lock",
				"${PODS_ROOT}/Manifest.lock",
			);
			name = "[CP] Check Pods Manifest.lock";
			outputFileListPaths = (
			);
			outputPaths = (
				"$(DERIVED_FILE_DIR)/Pods-AssignmentTests-checkManifestLockResult.txt",
			);
			runOnlyForDeploymentPostprocessing = 0;
			shellPath = /bin/sh;
			shellScript = "diff \"${PODS_PODFILE_DIR_PATH}/Podfile.lock\" \"${PODS_ROOT}/Manifest.lock\" > /dev/null\nif [ $? != 0 ] ; then\n    # print error to STDERR\n    echo \"error: The sandbox is not in sync with the Podfile.lock. Run 'pod install' or update your CocoaPods installation.\" >&2\n    exit 1\nfi\n# This output is used by Xcode 'outputs' to avoid re-running this script phase.\necho \"SUCCESS\" > \"${SCRIPT_OUTPUT_FILE_0}\"\n";
			showEnvVarsInLog = 0;
		};
		95AF180EA64D3351B27608AC /* [CP] Embed Pods Frameworks */ = {
			isa = PBXShellScriptBuildPhase;
			buildActionMask = 2147483647;
			files = (
			);
			inputFileListPaths = (
				"${PODS_ROOT}/Target Support Files/Pods-Assignment/Pods-Assignment-frameworks-${CONFIGURATION}-input-files.xcfilelist",
			);
			name = "[CP] Embed Pods Frameworks";
			outputFileListPaths = (
				"${PODS_ROOT}/Target Support Files/Pods-Assignment/Pods-Assignment-frameworks-${CONFIGURATION}-output-files.xcfilelist",
			);
			runOnlyForDeploymentPostprocessing = 0;
			shellPath = /bin/sh;
			shellScript = "\"${PODS_ROOT}/Target Support Files/Pods-Assignment/Pods-Assignment-frameworks.sh\"\n";
			showEnvVarsInLog = 0;
		};
		9966BDB21D8B87384FA65203 /* [CP] Check Pods Manifest.lock */ = {
			isa = PBXShellScriptBuildPhase;
			buildActionMask = 2147483647;
			files = (
			);
			inputFileListPaths = (
			);
			inputPaths = (
				"${PODS_PODFILE_DIR_PATH}/Podfile.lock",
				"${PODS_ROOT}/Manifest.lock",
			);
			name = "[CP] Check Pods Manifest.lock";
			outputFileListPaths = (
			);
			outputPaths = (
				"$(DERIVED_FILE_DIR)/Pods-Assignment-checkManifestLockResult.txt",
			);
			runOnlyForDeploymentPostprocessing = 0;
			shellPath = /bin/sh;
			shellScript = "diff \"${PODS_PODFILE_DIR_PATH}/Podfile.lock\" \"${PODS_ROOT}/Manifest.lock\" > /dev/null\nif [ $? != 0 ] ; then\n    # print error to STDERR\n    echo \"error: The sandbox is not in sync with the Podfile.lock. Run 'pod install' or update your CocoaPods installation.\" >&2\n    exit 1\nfi\n# This output is used by Xcode 'outputs' to avoid re-running this script phase.\necho \"SUCCESS\" > \"${SCRIPT_OUTPUT_FILE_0}\"\n";
			showEnvVarsInLog = 0;
		};
		ECFB934D497240E43CF51FC2 /* [CP] Embed Pods Frameworks */ = {
			isa = PBXShellScriptBuildPhase;
			buildActionMask = 2147483647;
			files = (
			);
			inputFileListPaths = (
				"${PODS_ROOT}/Target Support Files/Pods-Assignment-AssignmentUITests/Pods-Assignment-AssignmentUITests-frameworks-${CONFIGURATION}-input-files.xcfilelist",
			);
			name = "[CP] Embed Pods Frameworks";
			outputFileListPaths = (
				"${PODS_ROOT}/Target Support Files/Pods-Assignment-AssignmentUITests/Pods-Assignment-AssignmentUITests-frameworks-${CONFIGURATION}-output-files.xcfilelist",
			);
			runOnlyForDeploymentPostprocessing = 0;
			shellPath = /bin/sh;
			shellScript = "\"${PODS_ROOT}/Target Support Files/Pods-Assignment-AssignmentUITests/Pods-Assignment-AssignmentUITests-frameworks.sh\"\n";
			showEnvVarsInLog = 0;
		};
		F68558772FFCD3DF60BB05F4 /* [CP] Check Pods Manifest.lock */ = {
			isa = PBXShellScriptBuildPhase;
			buildActionMask = 2147483647;
			files = (
			);
			inputFileListPaths = (
			);
			inputPaths = (
				"${PODS_PODFILE_DIR_PATH}/Podfile.lock",
				"${PODS_ROOT}/Manifest.lock",
			);
			name = "[CP] Check Pods Manifest.lock";
			outputFileListPaths = (
			);
			outputPaths = (
				"$(DERIVED_FILE_DIR)/Pods-Assignment-AssignmentUITests-checkManifestLockResult.txt",
			);
			runOnlyForDeploymentPostprocessing = 0;
			shellPath = /bin/sh;
			shellScript = "diff \"${PODS_PODFILE_DIR_PATH}/Podfile.lock\" \"${PODS_ROOT}/Manifest.lock\" > /dev/null\nif [ $? != 0 ] ; then\n    # print error to STDERR\n    echo \"error: The sandbox is not in sync with the Podfile.lock. Run 'pod install' or update your CocoaPods installation.\" >&2\n    exit 1\nfi\n# This output is used by Xcode 'outputs' to avoid re-running this script phase.\necho \"SUCCESS\" > \"${SCRIPT_OUTPUT_FILE_0}\"\n";
			showEnvVarsInLog = 0;
		};
/* End PBXShellScriptBuildPhase section */

/* Begin PBXSourcesBuildPhase section */
		12D232CD299104BF0034DCAD /* Sources */ = {
			isa = PBXSourcesBuildPhase;
			buildActionMask = 2147483647;
			files = (
				12D232DF299104BF0034DCAD /* Assignment.xcdatamodeld in Sources */,
				12D232D9299104BF0034DCAD /* ViewController.swift in Sources */,
				12D232D5299104BF0034DCAD /* AppDelegate.swift in Sources */,
				12D2330D29910A9E0034DCAD /* ListDataModel.swift in Sources */,
				12D232D7299104BF0034DCAD /* SceneDelegate.swift in Sources */,
				12D2330A299107F40034DCAD /* ListTableViewCell.swift in Sources */,
			);
			runOnlyForDeploymentPostprocessing = 0;
		};
		12D232E6299104BF0034DCAD /* Sources */ = {
			isa = PBXSourcesBuildPhase;
			buildActionMask = 2147483647;
			files = (
				12D232EF299104BF0034DCAD /* AssignmentTests.swift in Sources */,
			);
			runOnlyForDeploymentPostprocessing = 0;
		};
		12D232F0299104BF0034DCAD /* Sources */ = {
			isa = PBXSourcesBuildPhase;
			buildActionMask = 2147483647;
			files = (
				12D232F9299104BF0034DCAD /* AssignmentUITests.swift in Sources */,
				12D232FB299104BF0034DCAD /* AssignmentUITestsLaunchTests.swift in Sources */,
			);
			runOnlyForDeploymentPostprocessing = 0;
		};
/* End PBXSourcesBuildPhase section */

/* Begin PBXTargetDependency section */
		12D232EC299104BF0034DCAD /* PBXTargetDependency */ = {
			isa = PBXTargetDependency;
			target = 12D232D0299104BF0034DCAD /* Assignment */;
			targetProxy = 12D232EB299104BF0034DCAD /* PBXContainerItemProxy */;
		};
		12D232F6299104BF0034DCAD /* PBXTargetDependency */ = {
			isa = PBXTargetDependency;
			target = 12D232D0299104BF0034DCAD /* Assignment */;
			targetProxy = 12D232F5299104BF0034DCAD /* PBXContainerItemProxy */;
		};
/* End PBXTargetDependency section */

/* Begin PBXVariantGroup section */
		12D232DA299104BF0034DCAD /* Main.storyboard */ = {
			isa = PBXVariantGroup;
			children = (
				12D232DB299104BF0034DCAD /* Base */,
			);
			name = Main.storyboard;
			sourceTree = "<group>";
		};
		12D232E2299104BF0034DCAD /* LaunchScreen.storyboard */ = {
			isa = PBXVariantGroup;
			children = (
				12D232E3299104BF0034DCAD /* Base */,
			);
			name = LaunchScreen.storyboard;
			sourceTree = "<group>";
		};
/* End PBXVariantGroup section */

/* Begin XCBuildConfiguration section */
		12D232FC299104BF0034DCAD /* Debug */ = {
			isa = XCBuildConfiguration;
			buildSettings = {
				ALWAYS_SEARCH_USER_PATHS = NO;
				CLANG_ANALYZER_NONNULL = YES;
				CLANG_ANALYZER_NUMBER_OBJECT_CONVERSION = YES_AGGRESSIVE;
				CLANG_CXX_LANGUAGE_STANDARD = "gnu++20";
				CLANG_ENABLE_MODULES = YES;
				CLANG_ENABLE_OBJC_ARC = YES;
				CLANG_ENABLE_OBJC_WEAK = YES;
				CLANG_WARN_BLOCK_CAPTURE_AUTORELEASING = YES;
				CLANG_WARN_BOOL_CONVERSION = YES;
				CLANG_WARN_COMMA = YES;
				CLANG_WARN_CONSTANT_CONVERSION = YES;
				CLANG_WARN_DEPRECATED_OBJC_IMPLEMENTATIONS = YES;
				CLANG_WARN_DIRECT_OBJC_ISA_USAGE = YES_ERROR;
				CLANG_WARN_DOCUMENTATION_COMMENTS = YES;
				CLANG_WARN_EMPTY_BODY = YES;
				CLANG_WARN_ENUM_CONVERSION = YES;
				CLANG_WARN_INFINITE_RECURSION = YES;
				CLANG_WARN_INT_CONVERSION = YES;
				CLANG_WARN_NON_LITERAL_NULL_CONVERSION = YES;
				CLANG_WARN_OBJC_IMPLICIT_RETAIN_SELF = YES;
				CLANG_WARN_OBJC_LITERAL_CONVERSION = YES;
				CLANG_WARN_OBJC_ROOT_CLASS = YES_ERROR;
				CLANG_WARN_QUOTED_INCLUDE_IN_FRAMEWORK_HEADER = YES;
				CLANG_WARN_RANGE_LOOP_ANALYSIS = YES;
				CLANG_WARN_STRICT_PROTOTYPES = YES;
				CLANG_WARN_SUSPICIOUS_MOVE = YES;
				CLANG_WARN_UNGUARDED_AVAILABILITY = YES_AGGRESSIVE;
				CLANG_WARN_UNREACHABLE_CODE = YES;
				CLANG_WARN__DUPLICATE_METHOD_MATCH = YES;
				COPY_PHASE_STRIP = NO;
				DEBUG_INFORMATION_FORMAT = dwarf;
				ENABLE_STRICT_OBJC_MSGSEND = YES;
				ENABLE_TESTABILITY = YES;
				GCC_C_LANGUAGE_STANDARD = gnu11;
				GCC_DYNAMIC_NO_PIC = NO;
				GCC_NO_COMMON_BLOCKS = YES;
				GCC_OPTIMIZATION_LEVEL = 0;
				GCC_PREPROCESSOR_DEFINITIONS = (
					"DEBUG=1",
					"$(inherited)",
				);
				GCC_WARN_64_TO_32_BIT_CONVERSION = YES;
				GCC_WARN_ABOUT_RETURN_TYPE = YES_ERROR;
				GCC_WARN_UNDECLARED_SELECTOR = YES;
				GCC_WARN_UNINITIALIZED_AUTOS = YES_AGGRESSIVE;
				GCC_WARN_UNUSED_FUNCTION = YES;
				GCC_WARN_UNUSED_VARIABLE = YES;
				IPHONEOS_DEPLOYMENT_TARGET = 16.0;
				MTL_ENABLE_DEBUG_INFO = INCLUDE_SOURCE;
				MTL_FAST_MATH = YES;
				ONLY_ACTIVE_ARCH = YES;
				SDKROOT = iphoneos;
				SWIFT_ACTIVE_COMPILATION_CONDITIONS = DEBUG;
				SWIFT_OPTIMIZATION_LEVEL = "-Onone";
			};
			name = Debug;
		};
		12D232FD299104BF0034DCAD /* Release */ = {
			isa = XCBuildConfiguration;
			buildSettings = {
				ALWAYS_SEARCH_USER_PATHS = NO;
				CLANG_ANALYZER_NONNULL = YES;
				CLANG_ANALYZER_NUMBER_OBJECT_CONVERSION = YES_AGGRESSIVE;
				CLANG_CXX_LANGUAGE_STANDARD = "gnu++20";
				CLANG_ENABLE_MODULES = YES;
				CLANG_ENABLE_OBJC_ARC = YES;
				CLANG_ENABLE_OBJC_WEAK = YES;
				CLANG_WARN_BLOCK_CAPTURE_AUTORELEASING = YES;
				CLANG_WARN_BOOL_CONVERSION = YES;
				CLANG_WARN_COMMA = YES;
				CLANG_WARN_CONSTANT_CONVERSION = YES;
				CLANG_WARN_DEPRECATED_OBJC_IMPLEMENTATIONS = YES;
				CLANG_WARN_DIRECT_OBJC_ISA_USAGE = YES_ERROR;
				CLANG_WARN_DOCUMENTATION_COMMENTS = YES;
				CLANG_WARN_EMPTY_BODY = YES;
				CLANG_WARN_ENUM_CONVERSION = YES;
				CLANG_WARN_INFINITE_RECURSION = YES;
				CLANG_WARN_INT_CONVERSION = YES;
				CLANG_WARN_NON_LITERAL_NULL_CONVERSION = YES;
				CLANG_WARN_OBJC_IMPLICIT_RETAIN_SELF = YES;
				CLANG_WARN_OBJC_LITERAL_CONVERSION = YES;
				CLANG_WARN_OBJC_ROOT_CLASS = YES_ERROR;
				CLANG_WARN_QUOTED_INCLUDE_IN_FRAMEWORK_HEADER = YES;
				CLANG_WARN_RANGE_LOOP_ANALYSIS = YES;
				CLANG_WARN_STRICT_PROTOTYPES = YES;
				CLANG_WARN_SUSPICIOUS_MOVE = YES;
				CLANG_WARN_UNGUARDED_AVAILABILITY = YES_AGGRESSIVE;
				CLANG_WARN_UNREACHABLE_CODE = YES;
				CLANG_WARN__DUPLICATE_METHOD_MATCH = YES;
				COPY_PHASE_STRIP = NO;
				DEBUG_INFORMATION_FORMAT = "dwarf-with-dsym";
				ENABLE_NS_ASSERTIONS = NO;
				ENABLE_STRICT_OBJC_MSGSEND = YES;
				GCC_C_LANGUAGE_STANDARD = gnu11;
				GCC_NO_COMMON_BLOCKS = YES;
				GCC_WARN_64_TO_32_BIT_CONVERSION = YES;
				GCC_WARN_ABOUT_RETURN_TYPE = YES_ERROR;
				GCC_WARN_UNDECLARED_SELECTOR = YES;
				GCC_WARN_UNINITIALIZED_AUTOS = YES_AGGRESSIVE;
				GCC_WARN_UNUSED_FUNCTION = YES;
				GCC_WARN_UNUSED_VARIABLE = YES;
				IPHONEOS_DEPLOYMENT_TARGET = 16.0;
				MTL_ENABLE_DEBUG_INFO = NO;
				MTL_FAST_MATH = YES;
				SDKROOT = iphoneos;
				SWIFT_COMPILATION_MODE = wholemodule;
				SWIFT_OPTIMIZATION_LEVEL = "-O";
				VALIDATE_PRODUCT = YES;
			};
			name = Release;
		};
		12D232FF299104BF0034DCAD /* Debug */ = {
			isa = XCBuildConfiguration;
			baseConfigurationReference = 7E1F1E7B2C12B1AF2ECF00ED /* Pods-Assignment.debug.xcconfig */;
			buildSettings = {
				ASSETCATALOG_COMPILER_APPICON_NAME = AppIcon;
				ASSETCATALOG_COMPILER_GLOBAL_ACCENT_COLOR_NAME = AccentColor;
				CODE_SIGN_STYLE = Automatic;
				CURRENT_PROJECT_VERSION = 1;
				DEVELOPMENT_TEAM = 8VB2CGAV65;
				GENERATE_INFOPLIST_FILE = YES;
				INFOPLIST_FILE = Assignment/Info.plist;
				INFOPLIST_KEY_UIApplicationSupportsIndirectInputEvents = YES;
				INFOPLIST_KEY_UILaunchStoryboardName = LaunchScreen;
				INFOPLIST_KEY_UIMainStoryboardFile = Main;
				INFOPLIST_KEY_UISupportedInterfaceOrientations_iPad = "UIInterfaceOrientationPortrait UIInterfaceOrientationPortraitUpsideDown UIInterfaceOrientationLandscapeLeft UIInterfaceOrientationLandscapeRight";
				INFOPLIST_KEY_UISupportedInterfaceOrientations_iPhone = "UIInterfaceOrientationPortrait UIInterfaceOrientationLandscapeLeft UIInterfaceOrientationLandscapeRight";
				LD_RUNPATH_SEARCH_PATHS = (
					"$(inherited)",
					"@executable_path/Frameworks",
				);
				MARKETING_VERSION = 1.0;
				PRODUCT_BUNDLE_IDENTIFIER = "com.green-apex.Assignment";
				PRODUCT_NAME = "$(TARGET_NAME)";
				SWIFT_EMIT_LOC_STRINGS = YES;
				SWIFT_VERSION = 5.0;
				TARGETED_DEVICE_FAMILY = "1,2";
			};
			name = Debug;
		};
		12D23300299104BF0034DCAD /* Release */ = {
			isa = XCBuildConfiguration;
			baseConfigurationReference = 14229A6556BEB4712CCE2270 /* Pods-Assignment.release.xcconfig */;
			buildSettings = {
				ASSETCATALOG_COMPILER_APPICON_NAME = AppIcon;
				ASSETCATALOG_COMPILER_GLOBAL_ACCENT_COLOR_NAME = AccentColor;
				CODE_SIGN_STYLE = Automatic;
				CURRENT_PROJECT_VERSION = 1;
				DEVELOPMENT_TEAM = 8VB2CGAV65;
				GENERATE_INFOPLIST_FILE = YES;
				INFOPLIST_FILE = Assignment/Info.plist;
				INFOPLIST_KEY_UIApplicationSupportsIndirectInputEvents = YES;
				INFOPLIST_KEY_UILaunchStoryboardName = LaunchScreen;
				INFOPLIST_KEY_UIMainStoryboardFile = Main;
				INFOPLIST_KEY_UISupportedInterfaceOrientations_iPad = "UIInterfaceOrientationPortrait UIInterfaceOrientationPortraitUpsideDown UIInterfaceOrientationLandscapeLeft UIInterfaceOrientationLandscapeRight";
				INFOPLIST_KEY_UISupportedInterfaceOrientations_iPhone = "UIInterfaceOrientationPortrait UIInterfaceOrientationLandscapeLeft UIInterfaceOrientationLandscapeRight";
				LD_RUNPATH_SEARCH_PATHS = (
					"$(inherited)",
					"@executable_path/Frameworks",
				);
				MARKETING_VERSION = 1.0;
				PRODUCT_BUNDLE_IDENTIFIER = "com.green-apex.Assignment";
				PRODUCT_NAME = "$(TARGET_NAME)";
				SWIFT_EMIT_LOC_STRINGS = YES;
				SWIFT_VERSION = 5.0;
				TARGETED_DEVICE_FAMILY = "1,2";
			};
			name = Release;
		};
		12D23302299104BF0034DCAD /* Debug */ = {
			isa = XCBuildConfiguration;
			baseConfigurationReference = F3EC5D82766735B11B6688AD /* Pods-AssignmentTests.debug.xcconfig */;
			buildSettings = {
				ALWAYS_EMBED_SWIFT_STANDARD_LIBRARIES = YES;
				BUNDLE_LOADER = "$(TEST_HOST)";
				CODE_SIGN_STYLE = Automatic;
				CURRENT_PROJECT_VERSION = 1;
				DEVELOPMENT_TEAM = 8VB2CGAV65;
				GENERATE_INFOPLIST_FILE = YES;
				IPHONEOS_DEPLOYMENT_TARGET = 16.0;
				MARKETING_VERSION = 1.0;
				PRODUCT_BUNDLE_IDENTIFIER = "com.green-apex.AssignmentTests";
				PRODUCT_NAME = "$(TARGET_NAME)";
				SWIFT_EMIT_LOC_STRINGS = NO;
				SWIFT_VERSION = 5.0;
				TARGETED_DEVICE_FAMILY = "1,2";
				TEST_HOST = "$(BUILT_PRODUCTS_DIR)/Assignment.app/$(BUNDLE_EXECUTABLE_FOLDER_PATH)/Assignment";
			};
			name = Debug;
		};
		12D23303299104BF0034DCAD /* Release */ = {
			isa = XCBuildConfiguration;
			baseConfigurationReference = 2670BD9F9FF4F571AFA10AC7 /* Pods-AssignmentTests.release.xcconfig */;
			buildSettings = {
				ALWAYS_EMBED_SWIFT_STANDARD_LIBRARIES = YES;
				BUNDLE_LOADER = "$(TEST_HOST)";
				CODE_SIGN_STYLE = Automatic;
				CURRENT_PROJECT_VERSION = 1;
				DEVELOPMENT_TEAM = 8VB2CGAV65;
				GENERATE_INFOPLIST_FILE = YES;
				IPHONEOS_DEPLOYMENT_TARGET = 16.0;
				MARKETING_VERSION = 1.0;
				PRODUCT_BUNDLE_IDENTIFIER = "com.green-apex.AssignmentTests";
				PRODUCT_NAME = "$(TARGET_NAME)";
				SWIFT_EMIT_LOC_STRINGS = NO;
				SWIFT_VERSION = 5.0;
				TARGETED_DEVICE_FAMILY = "1,2";
				TEST_HOST = "$(BUILT_PRODUCTS_DIR)/Assignment.app/$(BUNDLE_EXECUTABLE_FOLDER_PATH)/Assignment";
			};
			name = Release;
		};
		12D23305299104BF0034DCAD /* Debug */ = {
			isa = XCBuildConfiguration;
			baseConfigurationReference = 8491A188AF911FB166E2D848 /* Pods-Assignment-AssignmentUITests.debug.xcconfig */;
			buildSettings = {
				ALWAYS_EMBED_SWIFT_STANDARD_LIBRARIES = YES;
				CODE_SIGN_STYLE = Automatic;
				CURRENT_PROJECT_VERSION = 1;
				DEVELOPMENT_TEAM = 8VB2CGAV65;
				GENERATE_INFOPLIST_FILE = YES;
				MARKETING_VERSION = 1.0;
				PRODUCT_BUNDLE_IDENTIFIER = "com.green-apex.AssignmentUITests";
				PRODUCT_NAME = "$(TARGET_NAME)";
				SWIFT_EMIT_LOC_STRINGS = NO;
				SWIFT_VERSION = 5.0;
				TARGETED_DEVICE_FAMILY = "1,2";
				TEST_TARGET_NAME = Assignment;
			};
			name = Debug;
		};
		12D23306299104BF0034DCAD /* Release */ = {
			isa = XCBuildConfiguration;
			baseConfigurationReference = F924AEE28F7D506EC68AD3FB /* Pods-Assignment-AssignmentUITests.release.xcconfig */;
			buildSettings = {
				ALWAYS_EMBED_SWIFT_STANDARD_LIBRARIES = YES;
				CODE_SIGN_STYLE = Automatic;
				CURRENT_PROJECT_VERSION = 1;
				DEVELOPMENT_TEAM = 8VB2CGAV65;
				GENERATE_INFOPLIST_FILE = YES;
				MARKETING_VERSION = 1.0;
				PRODUCT_BUNDLE_IDENTIFIER = "com.green-apex.AssignmentUITests";
				PRODUCT_NAME = "$(TARGET_NAME)";
				SWIFT_EMIT_LOC_STRINGS = NO;
				SWIFT_VERSION = 5.0;
				TARGETED_DEVICE_FAMILY = "1,2";
				TEST_TARGET_NAME = Assignment;
			};
			name = Release;
		};
/* End XCBuildConfiguration section */

/* Begin XCConfigurationList section */
		12D232CC299104BF0034DCAD /* Build configuration list for PBXProject "Assignment" */ = {
			isa = XCConfigurationList;
			buildConfigurations = (
				12D232FC299104BF0034DCAD /* Debug */,
				12D232FD299104BF0034DCAD /* Release */,
			);
			defaultConfigurationIsVisible = 0;
			defaultConfigurationName = Release;
		};
		12D232FE299104BF0034DCAD /* Build configuration list for PBXNativeTarget "Assignment" */ = {
			isa = XCConfigurationList;
			buildConfigurations = (
				12D232FF299104BF0034DCAD /* Debug */,
				12D23300299104BF0034DCAD /* Release */,
			);
			defaultConfigurationIsVisible = 0;
			defaultConfigurationName = Release;
		};
		12D23301299104BF0034DCAD /* Build configuration list for PBXNativeTarget "AssignmentTests" */ = {
			isa = XCConfigurationList;
			buildConfigurations = (
				12D23302299104BF0034DCAD /* Debug */,
				12D23303299104BF0034DCAD /* Release */,
			);
			defaultConfigurationIsVisible = 0;
			defaultConfigurationName = Release;
		};
		12D23304299104BF0034DCAD /* Build configuration list for PBXNativeTarget "AssignmentUITests" */ = {
			isa = XCConfigurationList;
			buildConfigurations = (
				12D23305299104BF0034DCAD /* Debug */,
				12D23306299104BF0034DCAD /* Release */,
			);
			defaultConfigurationIsVisible = 0;
			defaultConfigurationName = Release;
		};
/* End XCConfigurationList section */

/* Begin XCVersionGroup section */
		12D232DD299104BF0034DCAD /* Assignment.xcdatamodeld */ = {
			isa = XCVersionGroup;
			children = (
				12D232DE299104BF0034DCAD /* Assignment.xcdatamodel */,
			);
			currentVersion = 12D232DE299104BF0034DCAD /* Assignment.xcdatamodel */;
			path = Assignment.xcdatamodeld;
			sourceTree = "<group>";
			versionGroupType = wrapper.xcdatamodel;
		};
/* End XCVersionGroup section */
	};
	rootObject = 12D232C9299104BF0034DCAD /* Project object */;
}
